
Microsoft Visual Studio Solution File, Format Version 12.00
# Visual Studio Version 17
VisualStudioVersion = 17.11.35312.102
MinimumVisualStudioVersion = 10.0.40219.1
Project("{9A19103F-16F7-4668-BE54-9A1E7A4F7556}") = "SimuSCADA.Api", "SimuSCADA.Api.csproj", "{A95717EE-D044-496A-A689-57C20CA28ED2}"
EndProject
Project("{FAE04EC0-301F-11D3-BF4B-00C04F79EFBC}") = "SimuSCADA.UnitTest", "..\SimuSCADA.UnitTest\SimuSCADA.UnitTest.csproj", "{941F3397-2EF9-4A31-AF38-62D51A144163}"
EndProject
Project("{FAE04EC0-301F-11D3-BF4B-00C04F79EFBC}") = "SimuSCADA.Device.Simulation", "..\SimuSCADA.Device.Simulation\SimuSCADA.Device.Simulation.csproj", "{4B441773-F117-4A96-A344-157799499083}"
EndProject
Project("{FAE04EC0-301F-11D3-BF4B-00C04F79EFBC}") = "SimuSCADA.Application", "..\SimuSCADA.Application\SimuSCADA.Application.csproj", "{76F4AB3C-4D64-4EC9-85A9-74BD21A8F27B}"
EndProject
Project("{FAE04EC0-301F-11D3-BF4B-00C04F79EFBC}") = "SimuSCADA.Data", "..\SimuSCADA.Data\SimuSCADA.Data.csproj", "{E75E63E0-669B-4996-BCC7-9A59AEDBFBF9}"
EndProject
Global
	GlobalSection(SolutionConfigurationPlatforms) = preSolution
		Debug|Any CPU = Debug|Any CPU
		Release|Any CPU = Release|Any CPU
	EndGlobalSection
	GlobalSection(ProjectConfigurationPlatforms) = postSolution
		{A95717EE-D044-496A-A689-57C20CA28ED2}.Debug|Any CPU.ActiveCfg = Debug|Any CPU
		{A95717EE-D044-496A-A689-57C20CA28ED2}.Debug|Any CPU.Build.0 = Debug|Any CPU
		{A95717EE-D044-496A-A689-57C20CA28ED2}.Release|Any CPU.ActiveCfg = Release|Any CPU
		{A95717EE-D044-496A-A689-57C20CA28ED2}.Release|Any CPU.Build.0 = Release|Any CPU
		{941F3397-2EF9-4A31-AF38-62D51A144163}.Debug|Any CPU.ActiveCfg = Debug|Any CPU
		{941F3397-2EF9-4A31-AF38-62D51A144163}.Debug|Any CPU.Build.0 = Debug|Any CPU
		{941F3397-2EF9-4A31-AF38-62D51A144163}.Release|Any CPU.ActiveCfg = Release|Any CPU
		{941F3397-2EF9-4A31-AF38-62D51A144163}.Release|Any CPU.Build.0 = Release|Any CPU
		{4B441773-F117-4A96-A344-157799499083}.Debug|Any CPU.ActiveCfg = Debug|Any CPU
		{4B441773-F117-4A96-A344-157799499083}.Debug|Any CPU.Build.0 = Debug|Any CPU
		{4B441773-F117-4A96-A344-157799499083}.Release|Any CPU.ActiveCfg = Release|Any CPU
		{4B441773-F117-4A96-A344-157799499083}.Release|Any CPU.Build.0 = Release|Any CPU
		{76F4AB3C-4D64-4EC9-85A9-74BD21A8F27B}.Debug|Any CPU.ActiveCfg = Debug|Any CPU
		{76F4AB3C-4D64-4EC9-85A9-74BD21A8F27B}.Debug|Any CPU.Build.0 = Debug|Any CPU
		{76F4AB3C-4D64-4EC9-85A9-74BD21A8F27B}.Release|Any CPU.ActiveCfg = Release|Any CPU
		{76F4AB3C-4D64-4EC9-85A9-74BD21A8F27B}.Release|Any CPU.Build.0 = Release|Any CPU
		{E75E63E0-669B-4996-BCC7-9A59AEDBFBF9}.Debug|Any CPU.ActiveCfg = Debug|Any CPU
		{E75E63E0-669B-4996-BCC7-9A59AEDBFBF9}.Debug|Any CPU.Build.0 = Debug|Any CPU
		{E75E63E0-669B-4996-BCC7-9A59AEDBFBF9}.Release|Any CPU.ActiveCfg = Release|Any CPU
		{E75E63E0-669B-4996-BCC7-9A59AEDBFBF9}.Release|Any CPU.Build.0 = Release|Any CPU
	EndGlobalSection
	GlobalSection(SolutionProperties) = preSolution
		HideSolutionNode = FALSE
	EndGlobalSection
	GlobalSection(ExtensibilityGlobals) = postSolution
		SolutionGuid = {3B2C0E48-37D7-4328-A5B8-43A0024BA4CD}
	EndGlobalSection
EndGlobal
